
Microsoft Visual Studio Solution File, Format Version 12.00
# Visual Studio 15
VisualStudioVersion = 15.0.28307.1082
MinimumVisualStudioVersion = 10.0.40219.1
Project("{FAE04EC0-301F-11D3-BF4B-00C04F79EFBC}") = "CafedralReportingWPF", "CafedralReportingWPF\CafedralReportingWPF.csproj", "{BC9C7E09-7B33-4E12-9C70-8FFF175CB2CE}"
EndProject
Global
	GlobalSection(SolutionConfigurationPlatforms) = preSolution
		Debug|Any CPU = Debug|Any CPU
		Debug|x64 = Debug|x64
		Release|Any CPU = Release|Any CPU
		Release|x64 = Release|x64
	EndGlobalSection
	GlobalSection(ProjectConfigurationPlatforms) = postSolution
		{BC9C7E09-7B33-4E12-9C70-8FFF175CB2CE}.Debug|Any CPU.ActiveCfg = Debug|Any CPU
		{BC9C7E09-7B33-4E12-9C70-8FFF175CB2CE}.Debug|Any CPU.Build.0 = Debug|Any CPU
		{BC9C7E09-7B33-4E12-9C70-8FFF175CB2CE}.Debug|x64.ActiveCfg = Debug|x64
		{BC9C7E09-7B33-4E12-9C70-8FFF175CB2CE}.Debug|x64.Build.0 = Debug|x64
		{BC9C7E09-7B33-4E12-9C70-8FFF175CB2CE}.Release|Any CPU.ActiveCfg = Release|Any CPU
		{BC9C7E09-7B33-4E12-9C70-8FFF175CB2CE}.Release|Any CPU.Build.0 = Release|Any CPU
		{BC9C7E09-7B33-4E12-9C70-8FFF175CB2CE}.Release|x64.ActiveCfg = Release|x64
		{BC9C7E09-7B33-4E12-9C70-8FFF175CB2CE}.Release|x64.Build.0 = Release|x64
	EndGlobalSection
	GlobalSection(SolutionProperties) = preSolution
		HideSolutionNode = FALSE
	EndGlobalSection
	GlobalSection(ExtensibilityGlobals) = postSolution
		SolutionGuid = {5F5DE298-F0CE-433B-ADD7-8B1827C165DF}
	EndGlobalSection
EndGlobal
